
Microsoft Visual Studio Solution File, Format Version 12.00
# Visual Studio Version 17
VisualStudioVersion = 17.3.32929.385
MinimumVisualStudioVersion = 10.0.40219.1
Project("{FAE04EC0-301F-11D3-BF4B-00C04F79EFBC}") = "GMTHub", "GMTHub\GMTHub.csproj", "{2B5B35C8-04DF-4E2F-A8B0-3D580BCEE3ED}"
EndProject
Global
	GlobalSection(SolutionConfigurationPlatforms) = preSolution
		Debug|Any CPU = Debug|Any CPU
		Release|Any CPU = Release|Any CPU
	EndGlobalSection
	GlobalSection(ProjectConfigurationPlatforms) = postSolution
		{2B5B35C8-04DF-4E2F-A8B0-3D580BCEE3ED}.Debug|Any CPU.ActiveCfg = Debug|Any CPU
		{2B5B35C8-04DF-4E2F-A8B0-3D580BCEE3ED}.Debug|Any CPU.Build.0 = Debug|Any CPU
		{2B5B35C8-04DF-4E2F-A8B0-3D580BCEE3ED}.Release|Any CPU.ActiveCfg = Release|Any CPU
		{2B5B35C8-04DF-4E2F-A8B0-3D580BCEE3ED}.Release|Any CPU.Build.0 = Release|Any CPU
	EndGlobalSection
	GlobalSection(SolutionProperties) = preSolution
		HideSolutionNode = FALSE
	EndGlobalSection
	GlobalSection(ExtensibilityGlobals) = postSolution
		SolutionGuid = {FE708E7F-6EEA-4663-AE32-8192F732BB34}
	EndGlobalSection
EndGlobal
